
Microsoft Visual Studio Solution File, Format Version 12.00
# Visual Studio Version 16
VisualStudioVersion = 16.0.31105.61
MinimumVisualStudioVersion = 10.0.40219.1
Project("{8BC9CEB8-8B4A-11D0-8D11-00A0C91BC942}") = "hello world", "c02\c02.vcxproj", "{034256D5-F6B8-40B1-B256-B6E7F81D9C17}"
EndProject
Project("{8BC9CEB8-8B4A-11D0-8D11-00A0C91BC942}") = "예제2-2", "예제2-2\예제2-2.vcxproj", "{19C780F7-06A5-4C52-8B7B-6ED39E87B9F9}"
EndProject
Project("{8BC9CEB8-8B4A-11D0-8D11-00A0C91BC942}") = "에제2-3", "에제2-3\에제2-3.vcxproj", "{A6662AD1-DEC2-446A-BEEA-168A2AAE94BC}"
EndProject
Project("{8BC9CEB8-8B4A-11D0-8D11-00A0C91BC942}") = "예제2-5", "예제 2-5\예제 2-5.vcxproj", "{6A798EF8-ED24-4CC4-8C23-E5D595CF9E0D}"
EndProject
Project("{8BC9CEB8-8B4A-11D0-8D11-00A0C91BC942}") = "예제2-8", "예제2-8\예제2-8.vcxproj", "{9962B21D-FF81-4457-84D1-9EDF10538EA8}"
EndProject
Project("{8BC9CEB8-8B4A-11D0-8D11-00A0C91BC942}") = "예제2-10", "예제2-10\예제2-10.vcxproj", "{7FB6FE24-C4CA-4573-A23A-82ACE16D69F5}"
EndProject
Project("{8BC9CEB8-8B4A-11D0-8D11-00A0C91BC942}") = "예제2-12", "2-12\2-12.vcxproj", "{9F22E3D7-9C04-4A6D-88C4-BC78BCEB6558}"
EndProject
Project("{8BC9CEB8-8B4A-11D0-8D11-00A0C91BC942}") = "예제2-13", "예제 2-13\예제 2-13.vcxproj", "{45AC63C1-B663-45E7-93B0-205577F96900}"
EndProject
Project("{8BC9CEB8-8B4A-11D0-8D11-00A0C91BC942}") = "예제 2-14", "예제 2-14\예제 2-14.vcxproj", "{3DC9B225-657C-4B08-91A5-7D9C8C32D456}"
EndProject
Project("{8BC9CEB8-8B4A-11D0-8D11-00A0C91BC942}") = "예제 3-1", "예제 3-1\예제 3-1.vcxproj", "{9801CD29-AFAD-44A1-96AB-B06F43831B83}"
EndProject
Project("{8BC9CEB8-8B4A-11D0-8D11-00A0C91BC942}") = "예제 3-4", "예제 3-4\예제 3-4.vcxproj", "{E1657D67-8D59-4D74-B384-3169B0AABE63}"
EndProject
Project("{8BC9CEB8-8B4A-11D0-8D11-00A0C91BC942}") = "chapter2_q16", "chapter2_q16\chapter2_q16.vcxproj", "{44C378E6-CA3F-440C-92DA-37D0F3AEEAE4}"
EndProject
Project("{8BC9CEB8-8B4A-11D0-8D11-00A0C91BC942}") = "chapter2_q23", "chapter2_q23\chapter2_q23.vcxproj", "{0F1A3320-06F7-4CB8-AE07-1A981D3E770A}"
EndProject
Project("{8BC9CEB8-8B4A-11D0-8D11-00A0C91BC942}") = "0연습", "연습\연습.vcxproj", "{B2B5001C-6654-4C33-A2A7-BA5A939A30D3}"
EndProject
Project("{8BC9CEB8-8B4A-11D0-8D11-00A0C91BC942}") = "예제 3-5", "예제 3-5\예제 3-5.vcxproj", "{3EBC08DF-F907-430E-8C9B-9A6F9AD0B9DB}"
EndProject
Project("{8BC9CEB8-8B4A-11D0-8D11-00A0C91BC942}") = "예제 4-1", "예제 4-1\예제 4-1.vcxproj", "{7EADAA1D-D230-422F-B72D-5EC49B0FA3D6}"
EndProject
Project("{8BC9CEB8-8B4A-11D0-8D11-00A0C91BC942}") = "Chapter3_Q21", "Chapter3_Q21\Chapter3_Q21.vcxproj", "{88ED738E-3721-487A-BAEB-691FB49CCAEA}"
EndProject
Project("{8BC9CEB8-8B4A-11D0-8D11-00A0C91BC942}") = "예제 4-2", "예제 4-2\예제 4-2.vcxproj", "{C2F531CB-39B1-400A-8010-D541FF9BCBC7}"
EndProject
Project("{8BC9CEB8-8B4A-11D0-8D11-00A0C91BC942}") = "예제 4-3", "예제 4-3\예제 4-3.vcxproj", "{21D38566-E4EC-4155-98D7-0744660AB152}"
EndProject
Project("{8BC9CEB8-8B4A-11D0-8D11-00A0C91BC942}") = "예제 4-5", "예제 4-5\예제 4-5.vcxproj", "{E0A44303-8354-4D3E-9BEF-34C24B8F2472}"
EndProject
Project("{8BC9CEB8-8B4A-11D0-8D11-00A0C91BC942}") = "예제 5-1", "예제 5-1\예제 5-1.vcxproj", "{CC8C7ADB-7B3E-4029-8A13-385CB4D5699D}"
EndProject
Project("{8BC9CEB8-8B4A-11D0-8D11-00A0C91BC942}") = "예제 5-2", "예제 5-2\예제 5-2.vcxproj", "{0129C370-B5AA-4B6A-8F43-B17A30AADD7D}"
EndProject
Project("{8BC9CEB8-8B4A-11D0-8D11-00A0C91BC942}") = "예제 5-3", "예제 5-3\예제 5-3.vcxproj", "{50711F38-30E7-499D-860A-3A149D7F1F57}"
EndProject
Project("{8BC9CEB8-8B4A-11D0-8D11-00A0C91BC942}") = "예제 5-4", "예제 5-4\예제 5-4.vcxproj", "{184686B5-178A-428F-B5AC-B6AF86E65D6C}"
EndProject
Project("{8BC9CEB8-8B4A-11D0-8D11-00A0C91BC942}") = "예제 6-1", "예쩨 6-1\예쩨 6-1.vcxproj", "{644AC2EC-8A40-4089-8726-5352FD8B55A7}"
EndProject
Project("{8BC9CEB8-8B4A-11D0-8D11-00A0C91BC942}") = "Chapter5_Q34", "Chapter5_Q34\Chapter5_Q34.vcxproj", "{98DC0FB6-D57C-41B5-9905-CD39E60C1AE3}"
EndProject
Project("{8BC9CEB8-8B4A-11D0-8D11-00A0C91BC942}") = "예제 6-2", "예제 6-2\예제 6-2.vcxproj", "{09BD6676-6127-4679-950C-9A7E7E54053E}"
EndProject
Project("{8BC9CEB8-8B4A-11D0-8D11-00A0C91BC942}") = "예제 7-1", "예제 7-1\예제 7-1.vcxproj", "{A21E82A3-5091-4322-9F6F-FB5B41ED47AC}"
EndProject
Project("{8BC9CEB8-8B4A-11D0-8D11-00A0C91BC942}") = "예제 7-3", "예제 7-3\예제 7-3.vcxproj", "{86E514CD-0F3F-46C8-9D76-09DFA9CC6353}"
EndProject
Project("{8BC9CEB8-8B4A-11D0-8D11-00A0C91BC942}") = "예제 7-4", "예제 7-4\예제 7-4.vcxproj", "{52E8EDD5-7587-494A-A491-E338480AB54C}"
EndProject
Project("{8BC9CEB8-8B4A-11D0-8D11-00A0C91BC942}") = "예제 8-1", "예제 8-1\예제 8-1.vcxproj", "{7F5BD8E4-3954-40AD-932D-3B5B2E38A7EE}"
EndProject
Global
	GlobalSection(SolutionConfigurationPlatforms) = preSolution
		Debug|x64 = Debug|x64
		Debug|x86 = Debug|x86
		Release|x64 = Release|x64
		Release|x86 = Release|x86
	EndGlobalSection
	GlobalSection(ProjectConfigurationPlatforms) = postSolution
		{034256D5-F6B8-40B1-B256-B6E7F81D9C17}.Debug|x64.ActiveCfg = Debug|x64
		{034256D5-F6B8-40B1-B256-B6E7F81D9C17}.Debug|x64.Build.0 = Debug|x64
		{034256D5-F6B8-40B1-B256-B6E7F81D9C17}.Debug|x86.ActiveCfg = Debug|Win32
		{034256D5-F6B8-40B1-B256-B6E7F81D9C17}.Debug|x86.Build.0 = Debug|Win32
		{034256D5-F6B8-40B1-B256-B6E7F81D9C17}.Release|x64.ActiveCfg = Release|x64
		{034256D5-F6B8-40B1-B256-B6E7F81D9C17}.Release|x64.Build.0 = Release|x64
		{034256D5-F6B8-40B1-B256-B6E7F81D9C17}.Release|x86.ActiveCfg = Release|Win32
		{034256D5-F6B8-40B1-B256-B6E7F81D9C17}.Release|x86.Build.0 = Release|Win32
		{19C780F7-06A5-4C52-8B7B-6ED39E87B9F9}.Debug|x64.ActiveCfg = Debug|x64
		{19C780F7-06A5-4C52-8B7B-6ED39E87B9F9}.Debug|x64.Build.0 = Debug|x64
		{19C780F7-06A5-4C52-8B7B-6ED39E87B9F9}.Debug|x86.ActiveCfg = Debug|Win32
		{19C780F7-06A5-4C52-8B7B-6ED39E87B9F9}.Debug|x86.Build.0 = Debug|Win32
		{19C780F7-06A5-4C52-8B7B-6ED39E87B9F9}.Release|x64.ActiveCfg = Release|x64
		{19C780F7-06A5-4C52-8B7B-6ED39E87B9F9}.Release|x64.Build.0 = Release|x64
		{19C780F7-06A5-4C52-8B7B-6ED39E87B9F9}.Release|x86.ActiveCfg = Release|Win32
		{19C780F7-06A5-4C52-8B7B-6ED39E87B9F9}.Release|x86.Build.0 = Release|Win32
		{A6662AD1-DEC2-446A-BEEA-168A2AAE94BC}.Debug|x64.ActiveCfg = Debug|x64
		{A6662AD1-DEC2-446A-BEEA-168A2AAE94BC}.Debug|x64.Build.0 = Debug|x64
		{A6662AD1-DEC2-446A-BEEA-168A2AAE94BC}.Debug|x86.ActiveCfg = Debug|Win32
		{A6662AD1-DEC2-446A-BEEA-168A2AAE94BC}.Debug|x86.Build.0 = Debug|Win32
		{A6662AD1-DEC2-446A-BEEA-168A2AAE94BC}.Release|x64.ActiveCfg = Release|x64
		{A6662AD1-DEC2-446A-BEEA-168A2AAE94BC}.Release|x64.Build.0 = Release|x64
		{A6662AD1-DEC2-446A-BEEA-168A2AAE94BC}.Release|x86.ActiveCfg = Release|Win32
		{A6662AD1-DEC2-446A-BEEA-168A2AAE94BC}.Release|x86.Build.0 = Release|Win32
		{6A798EF8-ED24-4CC4-8C23-E5D595CF9E0D}.Debug|x64.ActiveCfg = Debug|x64
		{6A798EF8-ED24-4CC4-8C23-E5D595CF9E0D}.Debug|x64.Build.0 = Debug|x64
		{6A798EF8-ED24-4CC4-8C23-E5D595CF9E0D}.Debug|x86.ActiveCfg = Debug|Win32
		{6A798EF8-ED24-4CC4-8C23-E5D595CF9E0D}.Debug|x86.Build.0 = Debug|Win32
		{6A798EF8-ED24-4CC4-8C23-E5D595CF9E0D}.Release|x64.ActiveCfg = Release|x64
		{6A798EF8-ED24-4CC4-8C23-E5D595CF9E0D}.Release|x64.Build.0 = Release|x64
		{6A798EF8-ED24-4CC4-8C23-E5D595CF9E0D}.Release|x86.ActiveCfg = Release|Win32
		{6A798EF8-ED24-4CC4-8C23-E5D595CF9E0D}.Release|x86.Build.0 = Release|Win32
		{9962B21D-FF81-4457-84D1-9EDF10538EA8}.Debug|x64.ActiveCfg = Debug|x64
		{9962B21D-FF81-4457-84D1-9EDF10538EA8}.Debug|x64.Build.0 = Debug|x64
		{9962B21D-FF81-4457-84D1-9EDF10538EA8}.Debug|x86.ActiveCfg = Debug|Win32
		{9962B21D-FF81-4457-84D1-9EDF10538EA8}.Debug|x86.Build.0 = Debug|Win32
		{9962B21D-FF81-4457-84D1-9EDF10538EA8}.Release|x64.ActiveCfg = Release|x64
		{9962B21D-FF81-4457-84D1-9EDF10538EA8}.Release|x64.Build.0 = Release|x64
		{9962B21D-FF81-4457-84D1-9EDF10538EA8}.Release|x86.ActiveCfg = Release|Win32
		{9962B21D-FF81-4457-84D1-9EDF10538EA8}.Release|x86.Build.0 = Release|Win32
		{7FB6FE24-C4CA-4573-A23A-82ACE16D69F5}.Debug|x64.ActiveCfg = Debug|x64
		{7FB6FE24-C4CA-4573-A23A-82ACE16D69F5}.Debug|x64.Build.0 = Debug|x64
		{7FB6FE24-C4CA-4573-A23A-82ACE16D69F5}.Debug|x86.ActiveCfg = Debug|Win32
		{7FB6FE24-C4CA-4573-A23A-82ACE16D69F5}.Debug|x86.Build.0 = Debug|Win32
		{7FB6FE24-C4CA-4573-A23A-82ACE16D69F5}.Release|x64.ActiveCfg = Release|x64
		{7FB6FE24-C4CA-4573-A23A-82ACE16D69F5}.Release|x64.Build.0 = Release|x64
		{7FB6FE24-C4CA-4573-A23A-82ACE16D69F5}.Release|x86.ActiveCfg = Release|Win32
		{7FB6FE24-C4CA-4573-A23A-82ACE16D69F5}.Release|x86.Build.0 = Release|Win32
		{9F22E3D7-9C04-4A6D-88C4-BC78BCEB6558}.Debug|x64.ActiveCfg = Debug|x64
		{9F22E3D7-9C04-4A6D-88C4-BC78BCEB6558}.Debug|x64.Build.0 = Debug|x64
		{9F22E3D7-9C04-4A6D-88C4-BC78BCEB6558}.Debug|x86.ActiveCfg = Debug|Win32
		{9F22E3D7-9C04-4A6D-88C4-BC78BCEB6558}.Debug|x86.Build.0 = Debug|Win32
		{9F22E3D7-9C04-4A6D-88C4-BC78BCEB6558}.Release|x64.ActiveCfg = Release|x64
		{9F22E3D7-9C04-4A6D-88C4-BC78BCEB6558}.Release|x64.Build.0 = Release|x64
		{9F22E3D7-9C04-4A6D-88C4-BC78BCEB6558}.Release|x86.ActiveCfg = Release|Win32
		{9F22E3D7-9C04-4A6D-88C4-BC78BCEB6558}.Release|x86.Build.0 = Release|Win32
		{45AC63C1-B663-45E7-93B0-205577F96900}.Debug|x64.ActiveCfg = Debug|x64
		{45AC63C1-B663-45E7-93B0-205577F96900}.Debug|x64.Build.0 = Debug|x64
		{45AC63C1-B663-45E7-93B0-205577F96900}.Debug|x86.ActiveCfg = Debug|Win32
		{45AC63C1-B663-45E7-93B0-205577F96900}.Debug|x86.Build.0 = Debug|Win32
		{45AC63C1-B663-45E7-93B0-205577F96900}.Release|x64.ActiveCfg = Release|x64
		{45AC63C1-B663-45E7-93B0-205577F96900}.Release|x64.Build.0 = Release|x64
		{45AC63C1-B663-45E7-93B0-205577F96900}.Release|x86.ActiveCfg = Release|Win32
		{45AC63C1-B663-45E7-93B0-205577F96900}.Release|x86.Build.0 = Release|Win32
		{3DC9B225-657C-4B08-91A5-7D9C8C32D456}.Debug|x64.ActiveCfg = Debug|x64
		{3DC9B225-657C-4B08-91A5-7D9C8C32D456}.Debug|x64.Build.0 = Debug|x64
		{3DC9B225-657C-4B08-91A5-7D9C8C32D456}.Debug|x86.ActiveCfg = Debug|Win32
		{3DC9B225-657C-4B08-91A5-7D9C8C32D456}.Debug|x86.Build.0 = Debug|Win32
		{3DC9B225-657C-4B08-91A5-7D9C8C32D456}.Release|x64.ActiveCfg = Release|x64
		{3DC9B225-657C-4B08-91A5-7D9C8C32D456}.Release|x64.Build.0 = Release|x64
		{3DC9B225-657C-4B08-91A5-7D9C8C32D456}.Release|x86.ActiveCfg = Release|Win32
		{3DC9B225-657C-4B08-91A5-7D9C8C32D456}.Release|x86.Build.0 = Release|Win32
		{9801CD29-AFAD-44A1-96AB-B06F43831B83}.Debug|x64.ActiveCfg = Debug|x64
		{9801CD29-AFAD-44A1-96AB-B06F43831B83}.Debug|x64.Build.0 = Debug|x64
		{9801CD29-AFAD-44A1-96AB-B06F43831B83}.Debug|x86.ActiveCfg = Debug|Win32
		{9801CD29-AFAD-44A1-96AB-B06F43831B83}.Debug|x86.Build.0 = Debug|Win32
		{9801CD29-AFAD-44A1-96AB-B06F43831B83}.Release|x64.ActiveCfg = Release|x64
		{9801CD29-AFAD-44A1-96AB-B06F43831B83}.Release|x64.Build.0 = Release|x64
		{9801CD29-AFAD-44A1-96AB-B06F43831B83}.Release|x86.ActiveCfg = Release|Win32
		{9801CD29-AFAD-44A1-96AB-B06F43831B83}.Release|x86.Build.0 = Release|Win32
		{E1657D67-8D59-4D74-B384-3169B0AABE63}.Debug|x64.ActiveCfg = Debug|x64
		{E1657D67-8D59-4D74-B384-3169B0AABE63}.Debug|x64.Build.0 = Debug|x64
		{E1657D67-8D59-4D74-B384-3169B0AABE63}.Debug|x86.ActiveCfg = Debug|Win32
		{E1657D67-8D59-4D74-B384-3169B0AABE63}.Debug|x86.Build.0 = Debug|Win32
		{E1657D67-8D59-4D74-B384-3169B0AABE63}.Release|x64.ActiveCfg = Release|x64
		{E1657D67-8D59-4D74-B384-3169B0AABE63}.Release|x64.Build.0 = Release|x64
		{E1657D67-8D59-4D74-B384-3169B0AABE63}.Release|x86.ActiveCfg = Release|Win32
		{E1657D67-8D59-4D74-B384-3169B0AABE63}.Release|x86.Build.0 = Release|Win32
		{44C378E6-CA3F-440C-92DA-37D0F3AEEAE4}.Debug|x64.ActiveCfg = Debug|x64
		{44C378E6-CA3F-440C-92DA-37D0F3AEEAE4}.Debug|x64.Build.0 = Debug|x64
		{44C378E6-CA3F-440C-92DA-37D0F3AEEAE4}.Debug|x86.ActiveCfg = Debug|Win32
		{44C378E6-CA3F-440C-92DA-37D0F3AEEAE4}.Debug|x86.Build.0 = Debug|Win32
		{44C378E6-CA3F-440C-92DA-37D0F3AEEAE4}.Release|x64.ActiveCfg = Release|x64
		{44C378E6-CA3F-440C-92DA-37D0F3AEEAE4}.Release|x64.Build.0 = Release|x64
		{44C378E6-CA3F-440C-92DA-37D0F3AEEAE4}.Release|x86.ActiveCfg = Release|Win32
		{44C378E6-CA3F-440C-92DA-37D0F3AEEAE4}.Release|x86.Build.0 = Release|Win32
		{0F1A3320-06F7-4CB8-AE07-1A981D3E770A}.Debug|x64.ActiveCfg = Debug|x64
		{0F1A3320-06F7-4CB8-AE07-1A981D3E770A}.Debug|x64.Build.0 = Debug|x64
		{0F1A3320-06F7-4CB8-AE07-1A981D3E770A}.Debug|x86.ActiveCfg = Debug|Win32
		{0F1A3320-06F7-4CB8-AE07-1A981D3E770A}.Debug|x86.Build.0 = Debug|Win32
		{0F1A3320-06F7-4CB8-AE07-1A981D3E770A}.Release|x64.ActiveCfg = Release|x64
		{0F1A3320-06F7-4CB8-AE07-1A981D3E770A}.Release|x64.Build.0 = Release|x64
		{0F1A3320-06F7-4CB8-AE07-1A981D3E770A}.Release|x86.ActiveCfg = Release|Win32
		{0F1A3320-06F7-4CB8-AE07-1A981D3E770A}.Release|x86.Build.0 = Release|Win32
		{B2B5001C-6654-4C33-A2A7-BA5A939A30D3}.Debug|x64.ActiveCfg = Debug|x64
		{B2B5001C-6654-4C33-A2A7-BA5A939A30D3}.Debug|x64.Build.0 = Debug|x64
		{B2B5001C-6654-4C33-A2A7-BA5A939A30D3}.Debug|x86.ActiveCfg = Debug|Win32
		{B2B5001C-6654-4C33-A2A7-BA5A939A30D3}.Debug|x86.Build.0 = Debug|Win32
		{B2B5001C-6654-4C33-A2A7-BA5A939A30D3}.Release|x64.ActiveCfg = Release|x64
		{B2B5001C-6654-4C33-A2A7-BA5A939A30D3}.Release|x64.Build.0 = Release|x64
		{B2B5001C-6654-4C33-A2A7-BA5A939A30D3}.Release|x86.ActiveCfg = Release|Win32
		{B2B5001C-6654-4C33-A2A7-BA5A939A30D3}.Release|x86.Build.0 = Release|Win32
		{3EBC08DF-F907-430E-8C9B-9A6F9AD0B9DB}.Debug|x64.ActiveCfg = Debug|x64
		{3EBC08DF-F907-430E-8C9B-9A6F9AD0B9DB}.Debug|x64.Build.0 = Debug|x64
		{3EBC08DF-F907-430E-8C9B-9A6F9AD0B9DB}.Debug|x86.ActiveCfg = Debug|Win32
		{3EBC08DF-F907-430E-8C9B-9A6F9AD0B9DB}.Debug|x86.Build.0 = Debug|Win32
		{3EBC08DF-F907-430E-8C9B-9A6F9AD0B9DB}.Release|x64.ActiveCfg = Release|x64
		{3EBC08DF-F907-430E-8C9B-9A6F9AD0B9DB}.Release|x64.Build.0 = Release|x64
		{3EBC08DF-F907-430E-8C9B-9A6F9AD0B9DB}.Release|x86.ActiveCfg = Release|Win32
		{3EBC08DF-F907-430E-8C9B-9A6F9AD0B9DB}.Release|x86.Build.0 = Release|Win32
		{7EADAA1D-D230-422F-B72D-5EC49B0FA3D6}.Debug|x64.ActiveCfg = Debug|x64
		{7EADAA1D-D230-422F-B72D-5EC49B0FA3D6}.Debug|x64.Build.0 = Debug|x64
		{7EADAA1D-D230-422F-B72D-5EC49B0FA3D6}.Debug|x86.ActiveCfg = Debug|Win32
		{7EADAA1D-D230-422F-B72D-5EC49B0FA3D6}.Debug|x86.Build.0 = Debug|Win32
		{7EADAA1D-D230-422F-B72D-5EC49B0FA3D6}.Release|x64.ActiveCfg = Release|x64
		{7EADAA1D-D230-422F-B72D-5EC49B0FA3D6}.Release|x64.Build.0 = Release|x64
		{7EADAA1D-D230-422F-B72D-5EC49B0FA3D6}.Release|x86.ActiveCfg = Release|Win32
		{7EADAA1D-D230-422F-B72D-5EC49B0FA3D6}.Release|x86.Build.0 = Release|Win32
		{88ED738E-3721-487A-BAEB-691FB49CCAEA}.Debug|x64.ActiveCfg = Debug|x64
		{88ED738E-3721-487A-BAEB-691FB49CCAEA}.Debug|x64.Build.0 = Debug|x64
		{88ED738E-3721-487A-BAEB-691FB49CCAEA}.Debug|x86.ActiveCfg = Debug|Win32
		{88ED738E-3721-487A-BAEB-691FB49CCAEA}.Debug|x86.Build.0 = Debug|Win32
		{88ED738E-3721-487A-BAEB-691FB49CCAEA}.Release|x64.ActiveCfg = Release|x64
		{88ED738E-3721-487A-BAEB-691FB49CCAEA}.Release|x64.Build.0 = Release|x64
		{88ED738E-3721-487A-BAEB-691FB49CCAEA}.Release|x86.ActiveCfg = Release|Win32
		{88ED738E-3721-487A-BAEB-691FB49CCAEA}.Release|x86.Build.0 = Release|Win32
		{C2F531CB-39B1-400A-8010-D541FF9BCBC7}.Debug|x64.ActiveCfg = Debug|x64
		{C2F531CB-39B1-400A-8010-D541FF9BCBC7}.Debug|x64.Build.0 = Debug|x64
		{C2F531CB-39B1-400A-8010-D541FF9BCBC7}.Debug|x86.ActiveCfg = Debug|Win32
		{C2F531CB-39B1-400A-8010-D541FF9BCBC7}.Debug|x86.Build.0 = Debug|Win32
		{C2F531CB-39B1-400A-8010-D541FF9BCBC7}.Release|x64.ActiveCfg = Release|x64
		{C2F531CB-39B1-400A-8010-D541FF9BCBC7}.Release|x64.Build.0 = Release|x64
		{C2F531CB-39B1-400A-8010-D541FF9BCBC7}.Release|x86.ActiveCfg = Release|Win32
		{C2F531CB-39B1-400A-8010-D541FF9BCBC7}.Release|x86.Build.0 = Release|Win32
		{21D38566-E4EC-4155-98D7-0744660AB152}.Debug|x64.ActiveCfg = Debug|x64
		{21D38566-E4EC-4155-98D7-0744660AB152}.Debug|x64.Build.0 = Debug|x64
		{21D38566-E4EC-4155-98D7-0744660AB152}.Debug|x86.ActiveCfg = Debug|Win32
		{21D38566-E4EC-4155-98D7-0744660AB152}.Debug|x86.Build.0 = Debug|Win32
		{21D38566-E4EC-4155-98D7-0744660AB152}.Release|x64.ActiveCfg = Release|x64
		{21D38566-E4EC-4155-98D7-0744660AB152}.Release|x64.Build.0 = Release|x64
		{21D38566-E4EC-4155-98D7-0744660AB152}.Release|x86.ActiveCfg = Release|Win32
		{21D38566-E4EC-4155-98D7-0744660AB152}.Release|x86.Build.0 = Release|Win32
		{E0A44303-8354-4D3E-9BEF-34C24B8F2472}.Debug|x64.ActiveCfg = Debug|x64
		{E0A44303-8354-4D3E-9BEF-34C24B8F2472}.Debug|x64.Build.0 = Debug|x64
		{E0A44303-8354-4D3E-9BEF-34C24B8F2472}.Debug|x86.ActiveCfg = Debug|Win32
		{E0A44303-8354-4D3E-9BEF-34C24B8F2472}.Debug|x86.Build.0 = Debug|Win32
		{E0A44303-8354-4D3E-9BEF-34C24B8F2472}.Release|x64.ActiveCfg = Release|x64
		{E0A44303-8354-4D3E-9BEF-34C24B8F2472}.Release|x64.Build.0 = Release|x64
		{E0A44303-8354-4D3E-9BEF-34C24B8F2472}.Release|x86.ActiveCfg = Release|Win32
		{E0A44303-8354-4D3E-9BEF-34C24B8F2472}.Release|x86.Build.0 = Release|Win32
		{CC8C7ADB-7B3E-4029-8A13-385CB4D5699D}.Debug|x64.ActiveCfg = Debug|x64
		{CC8C7ADB-7B3E-4029-8A13-385CB4D5699D}.Debug|x64.Build.0 = Debug|x64
		{CC8C7ADB-7B3E-4029-8A13-385CB4D5699D}.Debug|x86.ActiveCfg = Debug|Win32
		{CC8C7ADB-7B3E-4029-8A13-385CB4D5699D}.Debug|x86.Build.0 = Debug|Win32
		{CC8C7ADB-7B3E-4029-8A13-385CB4D5699D}.Release|x64.ActiveCfg = Release|x64
		{CC8C7ADB-7B3E-4029-8A13-385CB4D5699D}.Release|x64.Build.0 = Release|x64
		{CC8C7ADB-7B3E-4029-8A13-385CB4D5699D}.Release|x86.ActiveCfg = Release|Win32
		{CC8C7ADB-7B3E-4029-8A13-385CB4D5699D}.Release|x86.Build.0 = Release|Win32
		{0129C370-B5AA-4B6A-8F43-B17A30AADD7D}.Debug|x64.ActiveCfg = Debug|x64
		{0129C370-B5AA-4B6A-8F43-B17A30AADD7D}.Debug|x64.Build.0 = Debug|x64
		{0129C370-B5AA-4B6A-8F43-B17A30AADD7D}.Debug|x86.ActiveCfg = Debug|Win32
		{0129C370-B5AA-4B6A-8F43-B17A30AADD7D}.Debug|x86.Build.0 = Debug|Win32
		{0129C370-B5AA-4B6A-8F43-B17A30AADD7D}.Release|x64.ActiveCfg = Release|x64
		{0129C370-B5AA-4B6A-8F43-B17A30AADD7D}.Release|x64.Build.0 = Release|x64
		{0129C370-B5AA-4B6A-8F43-B17A30AADD7D}.Release|x86.ActiveCfg = Release|Win32
		{0129C370-B5AA-4B6A-8F43-B17A30AADD7D}.Release|x86.Build.0 = Release|Win32
		{50711F38-30E7-499D-860A-3A149D7F1F57}.Debug|x64.ActiveCfg = Debug|x64
		{50711F38-30E7-499D-860A-3A149D7F1F57}.Debug|x64.Build.0 = Debug|x64
		{50711F38-30E7-499D-860A-3A149D7F1F57}.Debug|x86.ActiveCfg = Debug|Win32
		{50711F38-30E7-499D-860A-3A149D7F1F57}.Debug|x86.Build.0 = Debug|Win32
		{50711F38-30E7-499D-860A-3A149D7F1F57}.Release|x64.ActiveCfg = Release|x64
		{50711F38-30E7-499D-860A-3A149D7F1F57}.Release|x64.Build.0 = Release|x64
		{50711F38-30E7-499D-860A-3A149D7F1F57}.Release|x86.ActiveCfg = Release|Win32
		{50711F38-30E7-499D-860A-3A149D7F1F57}.Release|x86.Build.0 = Release|Win32
		{184686B5-178A-428F-B5AC-B6AF86E65D6C}.Debug|x64.ActiveCfg = Debug|x64
		{184686B5-178A-428F-B5AC-B6AF86E65D6C}.Debug|x64.Build.0 = Debug|x64
		{184686B5-178A-428F-B5AC-B6AF86E65D6C}.Debug|x86.ActiveCfg = Debug|Win32
		{184686B5-178A-428F-B5AC-B6AF86E65D6C}.Debug|x86.Build.0 = Debug|Win32
		{184686B5-178A-428F-B5AC-B6AF86E65D6C}.Release|x64.ActiveCfg = Release|x64
		{184686B5-178A-428F-B5AC-B6AF86E65D6C}.Release|x64.Build.0 = Release|x64
		{184686B5-178A-428F-B5AC-B6AF86E65D6C}.Release|x86.ActiveCfg = Release|Win32
		{184686B5-178A-428F-B5AC-B6AF86E65D6C}.Release|x86.Build.0 = Release|Win32
		{644AC2EC-8A40-4089-8726-5352FD8B55A7}.Debug|x64.ActiveCfg = Debug|x64
		{644AC2EC-8A40-4089-8726-5352FD8B55A7}.Debug|x64.Build.0 = Debug|x64
		{644AC2EC-8A40-4089-8726-5352FD8B55A7}.Debug|x86.ActiveCfg = Debug|Win32
		{644AC2EC-8A40-4089-8726-5352FD8B55A7}.Debug|x86.Build.0 = Debug|Win32
		{644AC2EC-8A40-4089-8726-5352FD8B55A7}.Release|x64.ActiveCfg = Release|x64
		{644AC2EC-8A40-4089-8726-5352FD8B55A7}.Release|x64.Build.0 = Release|x64
		{644AC2EC-8A40-4089-8726-5352FD8B55A7}.Release|x86.ActiveCfg = Release|Win32
		{644AC2EC-8A40-4089-8726-5352FD8B55A7}.Release|x86.Build.0 = Release|Win32
		{98DC0FB6-D57C-41B5-9905-CD39E60C1AE3}.Debug|x64.ActiveCfg = Debug|x64
		{98DC0FB6-D57C-41B5-9905-CD39E60C1AE3}.Debug|x64.Build.0 = Debug|x64
		{98DC0FB6-D57C-41B5-9905-CD39E60C1AE3}.Debug|x86.ActiveCfg = Debug|Win32
		{98DC0FB6-D57C-41B5-9905-CD39E60C1AE3}.Debug|x86.Build.0 = Debug|Win32
		{98DC0FB6-D57C-41B5-9905-CD39E60C1AE3}.Release|x64.ActiveCfg = Release|x64
		{98DC0FB6-D57C-41B5-9905-CD39E60C1AE3}.Release|x64.Build.0 = Release|x64
		{98DC0FB6-D57C-41B5-9905-CD39E60C1AE3}.Release|x86.ActiveCfg = Release|Win32
		{98DC0FB6-D57C-41B5-9905-CD39E60C1AE3}.Release|x86.Build.0 = Release|Win32
		{09BD6676-6127-4679-950C-9A7E7E54053E}.Debug|x64.ActiveCfg = Debug|x64
		{09BD6676-6127-4679-950C-9A7E7E54053E}.Debug|x64.Build.0 = Debug|x64
		{09BD6676-6127-4679-950C-9A7E7E54053E}.Debug|x86.ActiveCfg = Debug|Win32
		{09BD6676-6127-4679-950C-9A7E7E54053E}.Debug|x86.Build.0 = Debug|Win32
		{09BD6676-6127-4679-950C-9A7E7E54053E}.Release|x64.ActiveCfg = Release|x64
		{09BD6676-6127-4679-950C-9A7E7E54053E}.Release|x64.Build.0 = Release|x64
		{09BD6676-6127-4679-950C-9A7E7E54053E}.Release|x86.ActiveCfg = Release|Win32
		{09BD6676-6127-4679-950C-9A7E7E54053E}.Release|x86.Build.0 = Release|Win32
		{A21E82A3-5091-4322-9F6F-FB5B41ED47AC}.Debug|x64.ActiveCfg = Debug|x64
		{A21E82A3-5091-4322-9F6F-FB5B41ED47AC}.Debug|x64.Build.0 = Debug|x64
		{A21E82A3-5091-4322-9F6F-FB5B41ED47AC}.Debug|x86.ActiveCfg = Debug|Win32
		{A21E82A3-5091-4322-9F6F-FB5B41ED47AC}.Debug|x86.Build.0 = Debug|Win32
		{A21E82A3-5091-4322-9F6F-FB5B41ED47AC}.Release|x64.ActiveCfg = Release|x64
		{A21E82A3-5091-4322-9F6F-FB5B41ED47AC}.Release|x64.Build.0 = Release|x64
		{A21E82A3-5091-4322-9F6F-FB5B41ED47AC}.Release|x86.ActiveCfg = Release|Win32
		{A21E82A3-5091-4322-9F6F-FB5B41ED47AC}.Release|x86.Build.0 = Release|Win32
		{86E514CD-0F3F-46C8-9D76-09DFA9CC6353}.Debug|x64.ActiveCfg = Debug|x64
		{86E514CD-0F3F-46C8-9D76-09DFA9CC6353}.Debug|x64.Build.0 = Debug|x64
		{86E514CD-0F3F-46C8-9D76-09DFA9CC6353}.Debug|x86.ActiveCfg = Debug|Win32
		{86E514CD-0F3F-46C8-9D76-09DFA9CC6353}.Debug|x86.Build.0 = Debug|Win32
		{86E514CD-0F3F-46C8-9D76-09DFA9CC6353}.Release|x64.ActiveCfg = Release|x64
		{86E514CD-0F3F-46C8-9D76-09DFA9CC6353}.Release|x64.Build.0 = Release|x64
		{86E514CD-0F3F-46C8-9D76-09DFA9CC6353}.Release|x86.ActiveCfg = Release|Win32
		{86E514CD-0F3F-46C8-9D76-09DFA9CC6353}.Release|x86.Build.0 = Release|Win32
		{52E8EDD5-7587-494A-A491-E338480AB54C}.Debug|x64.ActiveCfg = Debug|x64
		{52E8EDD5-7587-494A-A491-E338480AB54C}.Debug|x64.Build.0 = Debug|x64
		{52E8EDD5-7587-494A-A491-E338480AB54C}.Debug|x86.ActiveCfg = Debug|Win32
		{52E8EDD5-7587-494A-A491-E338480AB54C}.Debug|x86.Build.0 = Debug|Win32
		{52E8EDD5-7587-494A-A491-E338480AB54C}.Release|x64.ActiveCfg = Release|x64
		{52E8EDD5-7587-494A-A491-E338480AB54C}.Release|x64.Build.0 = Release|x64
		{52E8EDD5-7587-494A-A491-E338480AB54C}.Release|x86.ActiveCfg = Release|Win32
		{52E8EDD5-7587-494A-A491-E338480AB54C}.Release|x86.Build.0 = Release|Win32
		{7F5BD8E4-3954-40AD-932D-3B5B2E38A7EE}.Debug|x64.ActiveCfg = Debug|x64
		{7F5BD8E4-3954-40AD-932D-3B5B2E38A7EE}.Debug|x64.Build.0 = Debug|x64
		{7F5BD8E4-3954-40AD-932D-3B5B2E38A7EE}.Debug|x86.ActiveCfg = Debug|Win32
		{7F5BD8E4-3954-40AD-932D-3B5B2E38A7EE}.Debug|x86.Build.0 = Debug|Win32
		{7F5BD8E4-3954-40AD-932D-3B5B2E38A7EE}.Release|x64.ActiveCfg = Release|x64
		{7F5BD8E4-3954-40AD-932D-3B5B2E38A7EE}.Release|x64.Build.0 = Release|x64
		{7F5BD8E4-3954-40AD-932D-3B5B2E38A7EE}.Release|x86.ActiveCfg = Release|Win32
		{7F5BD8E4-3954-40AD-932D-3B5B2E38A7EE}.Release|x86.Build.0 = Release|Win32
	EndGlobalSection
	GlobalSection(SolutionProperties) = preSolution
		HideSolutionNode = FALSE
	EndGlobalSection
	GlobalSection(ExtensibilityGlobals) = postSolution
		SolutionGuid = {857BE492-5839-4AC2-BA23-798C6AD52CB6}
	EndGlobalSection
EndGlobal
